
Microsoft Visual Studio Solution File, Format Version 12.00
# Visual Studio Version 17
VisualStudioVersion = 17.13.35931.197 d17.13
MinimumVisualStudioVersion = 10.0.40219.1
Project("{FAE04EC0-301F-11D3-BF4B-00C04F79EFBC}") = "NetSyncObject", "NetSyncObject\NetSyncObject.csproj", "{04201946-19EB-45AE-BA17-D6DE171D427C}"
EndProject
Global
	GlobalSection(SolutionConfigurationPlatforms) = preSolution
		Debug|Any CPU = Debug|Any CPU
		Release|Any CPU = Release|Any CPU
	EndGlobalSection
	GlobalSection(ProjectConfigurationPlatforms) = postSolution
		{04201946-19EB-45AE-BA17-D6DE171D427C}.Debug|Any CPU.ActiveCfg = Debug|Any CPU
		{04201946-19EB-45AE-BA17-D6DE171D427C}.Debug|Any CPU.Build.0 = Debug|Any CPU
		{04201946-19EB-45AE-BA17-D6DE171D427C}.Release|Any CPU.ActiveCfg = Release|Any CPU
		{04201946-19EB-45AE-BA17-D6DE171D427C}.Release|Any CPU.Build.0 = Release|Any CPU
	EndGlobalSection
	GlobalSection(SolutionProperties) = preSolution
		HideSolutionNode = FALSE
	EndGlobalSection
	GlobalSection(ExtensibilityGlobals) = postSolution
		SolutionGuid = {872B5707-873F-40A3-B4BC-D2228EAA1A74}
	EndGlobalSection
EndGlobal
